version = 1
revision = 3
requires-python = ">=3.12"

[[package]]
name = "pymupdf"
version = "1.27.2.2"
source = { registry = "https://pypi.org/simple" }
sdist = { url = "https://files.pythonhosted.org/packages/f1/32/f6b645c51d79a188a4844140c5dabca7b487ad56c4be69c4bc782d0d11a9/pymupdf-1.27.2.2.tar.gz", hash = "sha256:ea8fdc3ab6671ca98f629d5ec3032d662c8cf1796b146996b7ad306ac7ed3335", size = 85354380, upload-time = "2026-03-20T09:47:58.386Z" }
wheels = [
    { url = "https://files.pythonhosted.org/packages/90/88/d01992a50165e22dec057a1129826846c547feb4ba07f42720ac030ce438/pymupdf-1.27.2.2-cp310-abi3-macosx_10_9_x86_64.whl", hash = "sha256:800f43e60a6f01f644343c2213b8613db02eaf4f4ba235b417b3351fa99e01c0", size = 23987563, upload-time = "2026-03-19T12:35:42.989Z" },
    { url = "https://files.pythonhosted.org/packages/6d/0e/9f526bc1d49d8082eff0d1547a69d541a0c5a052e71da625559efaba46a6/pymupdf-1.27.2.2-cp310-abi3-macosx_11_0_arm64.whl", hash = "sha256:8e2e4299ef1ac0c9dff9be096cbd22783699673abecfa7c3f73173ae06421d73", size = 23263089, upload-time = "2026-03-20T09:44:16.982Z" },
    { url = "https://files.pythonhosted.org/packages/42/be/984f0d6343935b5dd30afaed6be04fc753146bf55709e63ef28bf9ef7497/pymupdf-1.27.2.2-cp310-abi3-manylinux_2_28_aarch64.whl", hash = "sha256:c5e3d54922db1c7da844f1208ac1db05704770988752311f81dd36694ae0a07b", size = 24318817, upload-time = "2026-03-20T09:44:33.209Z" },
    { url = "https://files.pythonhosted.org/packages/22/8e/85e9d9f11dbf34036eb1df283805ef6b885f2005a56d6533bb58ab0b8a11/pymupdf-1.27.2.2-cp310-abi3-manylinux_2_28_x86_64.whl", hash = "sha256:892698c9768457eb0991c102c96a856c0a7062539371df5e6bee0816f3ef498e", size = 24948135, upload-time = "2026-03-20T09:44:51.012Z" },
    { url = "https://files.pythonhosted.org/packages/db/e6/386edb017e5b93f1ab0bf6653ae32f3dd8dfc834ed770212e10ca62f4af9/pymupdf-1.27.2.2-cp310-abi3-musllinux_1_2_x86_64.whl", hash = "sha256:8b4bbfa6ef347fade678771a93f6364971c51a2cdc44cd2400dc4eeed1ddb4e6", size = 25169585, upload-time = "2026-03-20T09:45:05.393Z" },
    { url = "https://files.pythonhosted.org/packages/ba/fd/f1ebe24fcd31aaea8b85b3a7ac4c3fc96e20388be5466ace27c9a3c546d9/pymupdf-1.27.2.2-cp310-abi3-win32.whl", hash = "sha256:0b8e924433b7e0bd46be820899300259235997d5a747638471fb2762baa8ee30", size = 18008861, upload-time = "2026-03-20T09:45:21.353Z" },
    { url = "https://files.pythonhosted.org/packages/a8/b6/2a9a8556000199bbf80a5915dcd15d550d1e5288894316445c54726aaf53/pymupdf-1.27.2.2-cp310-abi3-win_amd64.whl", hash = "sha256:09bb53f9486ccb5297030cbc2dbdae845ba1c3c5126e96eb2d16c4f118de0b5b", size = 19238032, upload-time = "2026-03-20T09:45:37.941Z" },
    { url = "https://files.pythonhosted.org/packages/c2/c6/e3e11c42f09b9c34ec332c0f37b817671b59ef4001895b854f0494092105/pymupdf-1.27.2.2-cp314-cp314t-manylinux_2_28_x86_64.whl", hash = "sha256:6cebfbbdfd219ebdebf4d8e3914624b2e3d3a844c43f4f76935822dd9b13cc12", size = 24985299, upload-time = "2026-03-20T09:45:53.26Z" },
]

[[package]]
name = "python-dotenv"
version = "1.2.2"
source = { registry = "https://pypi.org/simple" }
sdist = { url = "https://files.pythonhosted.org/packages/82/ed/0301aeeac3e5353ef3d94b6ec08bbcabd04a72018415dcb29e588514bba8/python_dotenv-1.2.2.tar.gz", hash = "sha256:2c371a91fbd7ba082c2c1dc1f8bf89ca22564a087c2c287cd9b662adde799cf3", size = 50135, upload-time = "2026-03-01T16:00:26.196Z" }
wheels = [
    { url = "https://files.pythonhosted.org/packages/0b/d7/1959b9648791274998a9c3526f6d0ec8fd2233e4d4acce81bbae76b44b2a/python_dotenv-1.2.2-py3-none-any.whl", hash = "sha256:1d8214789a24de455a8b8bd8ae6fe3c6b69a5e3d64aa8a8e5d68e694bbcb285a", size = 22101, upload-time = "2026-03-01T16:00:25.09Z" },
]

[[package]]
name = "zotero-plus"
version = "0.1.0"
source = { editable = "." }
dependencies = [
    { name = "pymupdf" },
    { name = "python-dotenv" },
]

[package.metadata]
requires-dist = [
    { name = "pymupdf", specifier = ">=1.25.0" },
    { name = "python-dotenv", specifier = ">=1.0.1" },
]
